
Microsoft Visual Studio Solution File, Format Version 12.00
# Visual Studio Version 17
VisualStudioVersion = 17.14.36202.13 d17.14
MinimumVisualStudioVersion = 10.0.40219.1
Project("{FAE04EC0-301F-11D3-BF4B-00C04F79EFBC}") = "Sucursal", "Sucursal.csproj", "{9FE4CB35-1A27-4B5C-8E47-DFE4BEFD1D94}"
EndProject
Global
	GlobalSection(SolutionConfigurationPlatforms) = preSolution
		Debug|Any CPU = Debug|Any CPU
		Release|Any CPU = Release|Any CPU
	EndGlobalSection
	GlobalSection(ProjectConfigurationPlatforms) = postSolution
		{9FE4CB35-1A27-4B5C-8E47-DFE4BEFD1D94}.Debug|Any CPU.ActiveCfg = Debug|Any CPU
		{9FE4CB35-1A27-4B5C-8E47-DFE4BEFD1D94}.Debug|Any CPU.Build.0 = Debug|Any CPU
		{9FE4CB35-1A27-4B5C-8E47-DFE4BEFD1D94}.Release|Any CPU.ActiveCfg = Release|Any CPU
		{9FE4CB35-1A27-4B5C-8E47-DFE4BEFD1D94}.Release|Any CPU.Build.0 = Release|Any CPU
	EndGlobalSection
	GlobalSection(SolutionProperties) = preSolution
		HideSolutionNode = FALSE
	EndGlobalSection
	GlobalSection(ExtensibilityGlobals) = postSolution
		SolutionGuid = {6C2C5983-3891-4957-B2F9-DE3A54C306B9}
	EndGlobalSection
EndGlobal
